
Microsoft Visual Studio Solution File, Format Version 11.00
# Visual Studio 2010
Project("{FAE04EC0-301F-11D3-BF4B-00C04F79EFBC}") = "Robot_Rescue", "Robot_Rescue\Robot_Rescue\Robot_Rescue.csproj", "{0E17921F-2914-4EA3-8C4C-A9BCA84A497E}"
EndProject
Project("{96E2B04D-8817-42C6-938A-82C39BA4D311}") = "Robot_RescueContent", "Robot_Rescue\Robot_RescueContent\Robot_RescueContent.contentproj", "{84E74A12-97DB-491D-BAF9-4CCA40924014}"
EndProject
Global
	GlobalSection(SolutionConfigurationPlatforms) = preSolution
		Debug|x86 = Debug|x86
		Release|x86 = Release|x86
	EndGlobalSection
	GlobalSection(ProjectConfigurationPlatforms) = postSolution
		{0E17921F-2914-4EA3-8C4C-A9BCA84A497E}.Debug|x86.ActiveCfg = Debug|x86
		{0E17921F-2914-4EA3-8C4C-A9BCA84A497E}.Debug|x86.Build.0 = Debug|x86
		{0E17921F-2914-4EA3-8C4C-A9BCA84A497E}.Release|x86.ActiveCfg = Release|x86
		{0E17921F-2914-4EA3-8C4C-A9BCA84A497E}.Release|x86.Build.0 = Release|x86
		{84E74A12-97DB-491D-BAF9-4CCA40924014}.Debug|x86.ActiveCfg = Debug|x86
		{84E74A12-97DB-491D-BAF9-4CCA40924014}.Release|x86.ActiveCfg = Release|x86
	EndGlobalSection
	GlobalSection(SolutionProperties) = preSolution
		HideSolutionNode = FALSE
	EndGlobalSection
EndGlobal
